lockfileVersion: '9.0'

settings:
  autoInstallPeers: true
  excludeLinksFromLockfile: false

importers:

  .:
    dependencies:
      '@proicons/vue':
        specifier: workspace:*
        version: link:../packages/proicons-vue
      proicons:
        specifier: workspace:*
        version: link:..
