lockfileVersion: '9.0'

settings:
  autoInstallPeers: true
  excludeLinksFromLockfile: false

overrides:
  vite: npm:rolldown-vite@latest
  rolldown: latest

importers:

  .:
    dependencies:
      svelte:
        specifier: ^5.39.6
        version: 5.39.6
    devDependencies:
      '@sveltejs/package':
        specifier: ^2.5.4
        version: 2.5.4(svelte@5.39.6)(typescript@5.9.2)
      '@sveltejs/vite-plugin-svelte':
        specifier: ^6.2.1
        version: 6.2.1(rolldown-vite@7.1.13(esbuild@0.25.10))(svelte@5.39.6)
      '@tsconfig/svelte':
        specifier: ^5.0.5
        version: 5.0.5
      esbuild:
        specifier: ^0.25.10
        version: 0.25.10
      tslib:
        specifier: ^2.8.1
        version: 2.8.1
      typescript:
        specifier: ^5.9.2
        version: 5.9.2
      vite:
        specifier: npm:rolldown-vite@latest
        version: rolldown-vite@7.1.13(esbuild@0.25.10)

packages:

  '@emnapi/core@1.5.0':
    resolution: {integrity: sha512-sbP8GzB1WDzacS8fgNPpHlp6C9VZe+SJP3F90W9rLemaQj2PzIuTEl1qDOYQf58YIpyjViI24y9aPWCjEzY2cg==}

  '@emnapi/runtime@1.5.0':
    resolution: {integrity: sha512-97/BJ3iXHww3djw6hYIfErCZFee7qCtrneuLa20UXFCOTCfBM2cvQHjWJ2EG0s0MtdNwInarqCTz35i4wWXHsQ==}

  '@emnapi/wasi-threads@1.1.0':
    resolution: {integrity: sha512-WI0DdZ8xFSbgMjR1sFsKABJ/C5OnRrjT06JXbZKexJGrDuPTzZdDYfFlsgcCXCyf+suG5QU2e/y1Wo2V/OapLQ==}

  '@esbuild/aix-ppc64@0.25.10':
    resolution: {integrity: sha512-0NFWnA+7l41irNuaSVlLfgNT12caWJVLzp5eAVhZ0z1qpxbockccEt3s+149rE64VUI3Ml2zt8Nv5JVc4QXTsw==}
    engines: {node: '>=18'}
    cpu: [ppc64]
    os: [aix]

  '@esbuild/android-arm64@0.25.10':
    resolution: {integrity: sha512-LSQa7eDahypv/VO6WKohZGPSJDq5OVOo3UoFR1E4t4Gj1W7zEQMUhI+lo81H+DtB+kP+tDgBp+M4oNCwp6kffg==}
    engines: {node: '>=18'}
    cpu: [arm64]
    os: [android]

  '@esbuild/android-arm@0.25.10':
    resolution: {integrity: sha512-dQAxF1dW1C3zpeCDc5KqIYuZ1tgAdRXNoZP7vkBIRtKZPYe2xVr/d3SkirklCHudW1B45tGiUlz2pUWDfbDD4w==}
    engines: {node: '>=18'}
    cpu: [arm]
    os: [android]

  '@esbuild/android-x64@0.25.10':
    resolution: {integrity: sha512-MiC9CWdPrfhibcXwr39p9ha1x0lZJ9KaVfvzA0Wxwz9ETX4v5CHfF09bx935nHlhi+MxhA63dKRRQLiVgSUtEg==}
    engines: {node: '>=18'}
    cpu: [x64]
    os: [android]

  '@esbuild/darwin-arm64@0.25.10':
    resolution: {integrity: sha512-JC74bdXcQEpW9KkV326WpZZjLguSZ3DfS8wrrvPMHgQOIEIG/sPXEN/V8IssoJhbefLRcRqw6RQH2NnpdprtMA==}
    engines: {node: '>=18'}
    cpu: [arm64]
    os: [darwin]

  '@esbuild/darwin-x64@0.25.10':
    resolution: {integrity: sha512-tguWg1olF6DGqzws97pKZ8G2L7Ig1vjDmGTwcTuYHbuU6TTjJe5FXbgs5C1BBzHbJ2bo1m3WkQDbWO2PvamRcg==}
    engines: {node: '>=18'}
    cpu: [x64]
    os: [darwin]

  '@esbuild/freebsd-arm64@0.25.10':
    resolution: {integrity: sha512-3ZioSQSg1HT2N05YxeJWYR+Libe3bREVSdWhEEgExWaDtyFbbXWb49QgPvFH8u03vUPX10JhJPcz7s9t9+boWg==}
    engines: {node: '>=18'}
    cpu: [arm64]
    os: [freebsd]

  '@esbuild/freebsd-x64@0.25.10':
    resolution: {integrity: sha512-LLgJfHJk014Aa4anGDbh8bmI5Lk+QidDmGzuC2D+vP7mv/GeSN+H39zOf7pN5N8p059FcOfs2bVlrRr4SK9WxA==}
    engines: {node: '>=18'}
    cpu: [x64]
    os: [freebsd]

  '@esbuild/linux-arm64@0.25.10':
    resolution: {integrity: sha512-5luJWN6YKBsawd5f9i4+c+geYiVEw20FVW5x0v1kEMWNq8UctFjDiMATBxLvmmHA4bf7F6hTRaJgtghFr9iziQ==}
    engines: {node: '>=18'}
    cpu: [arm64]
    os: [linux]

  '@esbuild/linux-arm@0.25.10':
    resolution: {integrity: sha512-oR31GtBTFYCqEBALI9r6WxoU/ZofZl962pouZRTEYECvNF/dtXKku8YXcJkhgK/beU+zedXfIzHijSRapJY3vg==}
    engines: {node: '>=18'}
    cpu: [arm]
    os: [linux]

  '@esbuild/linux-ia32@0.25.10':
    resolution: {integrity: sha512-NrSCx2Kim3EnnWgS4Txn0QGt0Xipoumb6z6sUtl5bOEZIVKhzfyp/Lyw4C1DIYvzeW/5mWYPBFJU3a/8Yr75DQ==}
    engines: {node: '>=18'}
    cpu: [ia32]
    os: [linux]

  '@esbuild/linux-loong64@0.25.10':
    resolution: {integrity: sha512-xoSphrd4AZda8+rUDDfD9J6FUMjrkTz8itpTITM4/xgerAZZcFW7Dv+sun7333IfKxGG8gAq+3NbfEMJfiY+Eg==}
    engines: {node: '>=18'}
    cpu: [loong64]
    os: [linux]

  '@esbuild/linux-mips64el@0.25.10':
    resolution: {integrity: sha512-ab6eiuCwoMmYDyTnyptoKkVS3k8fy/1Uvq7Dj5czXI6DF2GqD2ToInBI0SHOp5/X1BdZ26RKc5+qjQNGRBelRA==}
    engines: {node: '>=18'}
    cpu: [mips64el]
    os: [linux]

  '@esbuild/linux-ppc64@0.25.10':
    resolution: {integrity: sha512-NLinzzOgZQsGpsTkEbdJTCanwA5/wozN9dSgEl12haXJBzMTpssebuXR42bthOF3z7zXFWH1AmvWunUCkBE4EA==}
    engines: {node: '>=18'}
    cpu: [ppc64]
    os: [linux]

  '@esbuild/linux-riscv64@0.25.10':
    resolution: {integrity: sha512-FE557XdZDrtX8NMIeA8LBJX3dC2M8VGXwfrQWU7LB5SLOajfJIxmSdyL/gU1m64Zs9CBKvm4UAuBp5aJ8OgnrA==}
    engines: {node: '>=18'}
    cpu: [riscv64]
    os: [linux]

  '@esbuild/linux-s390x@0.25.10':
    resolution: {integrity: sha512-3BBSbgzuB9ajLoVZk0mGu+EHlBwkusRmeNYdqmznmMc9zGASFjSsxgkNsqmXugpPk00gJ0JNKh/97nxmjctdew==}
    engines: {node: '>=18'}
    cpu: [s390x]
    os: [linux]

  '@esbuild/linux-x64@0.25.10':
    resolution: {integrity: sha512-QSX81KhFoZGwenVyPoberggdW1nrQZSvfVDAIUXr3WqLRZGZqWk/P4T8p2SP+de2Sr5HPcvjhcJzEiulKgnxtA==}
    engines: {node: '>=18'}
    cpu: [x64]
    os: [linux]

  '@esbuild/netbsd-arm64@0.25.10':
    resolution: {integrity: sha512-AKQM3gfYfSW8XRk8DdMCzaLUFB15dTrZfnX8WXQoOUpUBQ+NaAFCP1kPS/ykbbGYz7rxn0WS48/81l9hFl3u4A==}
    engines: {node: '>=18'}
    cpu: [arm64]
    os: [netbsd]

  '@esbuild/netbsd-x64@0.25.10':
    resolution: {integrity: sha512-7RTytDPGU6fek/hWuN9qQpeGPBZFfB4zZgcz2VK2Z5VpdUxEI8JKYsg3JfO0n/Z1E/6l05n0unDCNc4HnhQGig==}
    engines: {node: '>=18'}
    cpu: [x64]
    os: [netbsd]

  '@esbuild/openbsd-arm64@0.25.10':
    resolution: {integrity: sha512-5Se0VM9Wtq797YFn+dLimf2Zx6McttsH2olUBsDml+lm0GOCRVebRWUvDtkY4BWYv/3NgzS8b/UM3jQNh5hYyw==}
    engines: {node: '>=18'}
    cpu: [arm64]
    os: [openbsd]

  '@esbuild/openbsd-x64@0.25.10':
    resolution: {integrity: sha512-XkA4frq1TLj4bEMB+2HnI0+4RnjbuGZfet2gs/LNs5Hc7D89ZQBHQ0gL2ND6Lzu1+QVkjp3x1gIcPKzRNP8bXw==}
    engines: {node: '>=18'}
    cpu: [x64]
    os: [openbsd]

  '@esbuild/openharmony-arm64@0.25.10':
    resolution: {integrity: sha512-AVTSBhTX8Y/Fz6OmIVBip9tJzZEUcY8WLh7I59+upa5/GPhh2/aM6bvOMQySspnCCHvFi79kMtdJS1w0DXAeag==}
    engines: {node: '>=18'}
    cpu: [arm64]
    os: [openharmony]

  '@esbuild/sunos-x64@0.25.10':
    resolution: {integrity: sha512-fswk3XT0Uf2pGJmOpDB7yknqhVkJQkAQOcW/ccVOtfx05LkbWOaRAtn5SaqXypeKQra1QaEa841PgrSL9ubSPQ==}
    engines: {node: '>=18'}
    cpu: [x64]
    os: [sunos]

  '@esbuild/win32-arm64@0.25.10':
    resolution: {integrity: sha512-ah+9b59KDTSfpaCg6VdJoOQvKjI33nTaQr4UluQwW7aEwZQsbMCfTmfEO4VyewOxx4RaDT/xCy9ra2GPWmO7Kw==}
    engines: {node: '>=18'}
    cpu: [arm64]
    os: [win32]

  '@esbuild/win32-ia32@0.25.10':
    resolution: {integrity: sha512-QHPDbKkrGO8/cz9LKVnJU22HOi4pxZnZhhA2HYHez5Pz4JeffhDjf85E57Oyco163GnzNCVkZK0b/n4Y0UHcSw==}
    engines: {node: '>=18'}
    cpu: [ia32]
    os: [win32]

  '@esbuild/win32-x64@0.25.10':
    resolution: {integrity: sha512-9KpxSVFCu0iK1owoez6aC/s/EdUQLDN3adTxGCqxMVhrPDj6bt5dbrHDXUuq+Bs2vATFBBrQS5vdQ/Ed2P+nbw==}
    engines: {node: '>=18'}
    cpu: [x64]
    os: [win32]

  '@jridgewell/gen-mapping@0.3.13':
    resolution: {integrity: sha512-2kkt/7niJ6MgEPxF0bYdQ6etZaA+fQvDcLKckhy1yIQOzaoKjBBjSj63/aLVjYE3qhRt5dvM+uUyfCg6UKCBbA==}

  '@jridgewell/remapping@2.3.5':
    resolution: {integrity: sha512-LI9u/+laYG4Ds1TDKSJW2YPrIlcVYOwi2fUC6xB43lueCjgxV4lffOCZCtYFiH6TNOX+tQKXx97T4IKHbhyHEQ==}

  '@jridgewell/resolve-uri@3.1.2':
    resolution: {integrity: sha512-bRISgCIjP20/tbWSPWMEi54QVPRZExkuD9lJL+UIxUKtwVJA8wW1Trb1jMs1RFXo1CBTNZ/5hpC9QvmKWdopKw==}
    engines: {node: '>=6.0.0'}

  '@jridgewell/sourcemap-codec@1.5.5':
    resolution: {integrity: sha512-cYQ9310grqxueWbl+WuIUIaiUaDcj7WOq5fVhEljNVgRfOUhY9fy2zTvfoqWsnebh8Sl70VScFbICvJnLKB0Og==}

  '@jridgewell/trace-mapping@0.3.31':
    resolution: {integrity: sha512-zzNR+SdQSDJzc8joaeP8QQoCQr8NuYx2dIIytl1QeBEZHJ9uW6hebsrYgbz8hJwUQao3TWCMtmfV8Nu1twOLAw==}

  '@napi-rs/wasm-runtime@1.0.5':
    resolution: {integrity: sha512-TBr9Cf9onSAS2LQ2+QHx6XcC6h9+RIzJgbqG3++9TUZSH204AwEy5jg3BTQ0VATsyoGj4ee49tN/y6rvaOOtcg==}

  '@oxc-project/runtime@0.92.0':
    resolution: {integrity: sha512-Z7x2dZOmznihvdvCvLKMl+nswtOSVxS2H2ocar+U9xx6iMfTp0VGIrX6a4xB1v80IwOPC7dT1LXIJrY70Xu3Jw==}
    engines: {node: ^20.19.0 || >=22.12.0}

  '@oxc-project/types@0.92.0':
    resolution: {integrity: sha512-PDLfCbwgXjGdTBxzcuDOUxJYNBl6P8dOp3eDKWw54dYvqONan9rwGDRQU0zrkdEMiItfXQQUOI17uOcMX5Zm7A==}

  '@rolldown/binding-android-arm64@1.0.0-beta.40':
    resolution: {integrity: sha512-9Ii9phC7QU6Lb+ncMfG1Xlosq0NBB1N/4sw+EGZ3y0BBWGy02TOb5ghWZalphAKv9rn1goqo5WkBjyd2YvsLmA==}
    engines: {node: ^20.19.0 || >=22.12.0}
    cpu: [arm64]
    os: [android]

  '@rolldown/binding-darwin-arm64@1.0.0-beta.40':
    resolution: {integrity: sha512-5O6d0y2tBQTL+ecQY3qXIwSnF1/Zik8q7LZMKeyF+VJ9l194d0IdMhl2zUF0cqWbYHuF4Pnxplk4OhurPQ/Z9Q==}
    engines: {node: ^20.19.0 || >=22.12.0}
    cpu: [arm64]
    os: [darwin]

  '@rolldown/binding-darwin-x64@1.0.0-beta.40':
    resolution: {integrity: sha512-izB9jygt3miPQbOTZfSu5K51isUplqa8ysByOKQqcJHgrBWmbTU8TM9eouv6tRmBR0kjcEcID9xhmA1CeZ1VIg==}
    engines: {node: ^20.19.0 || >=22.12.0}
    cpu: [x64]
    os: [darwin]

  '@rolldown/binding-freebsd-x64@1.0.0-beta.40':
    resolution: {integrity: sha512-2fdpEpKT+wwP0vig9dqxu+toTeWmVSjo3psJQVDeLJ51rO+GXcCJ1IkCXjhMKVEevNtZS7B8T8Z2vvmRV9MAdA==}
    engines: {node: ^20.19.0 || >=22.12.0}
    cpu: [x64]
    os: [freebsd]

  '@rolldown/binding-linux-arm-gnueabihf@1.0.0-beta.40':
    resolution: {integrity: sha512-HP2lo78OWULN+8TewpLbS9PS00jh0CaF04tA2u8z2I+6QgVgrYOYKvX+T0hlO5smgso4+qb3YchzumWJl3yCPQ==}
    engines: {node: ^20.19.0 || >=22.12.0}
    cpu: [arm]
    os: [linux]

  '@rolldown/binding-linux-arm64-gnu@1.0.0-beta.40':
    resolution: {integrity: sha512-ng00gfr9BhA2NPAOU5RWAlTiL+JcwAD+L+4yUD1sbBy6tgHdLiNBOvKtHISIF9RM9/eQeS0tAiWOYZGIH9JMew==}
    engines: {node: ^20.19.0 || >=22.12.0}
    cpu: [arm64]
    os: [linux]

  '@rolldown/binding-linux-arm64-musl@1.0.0-beta.40':
    resolution: {integrity: sha512-mF0R1l9kLcaag/9cLEiYYdNZ4v1uuX4jklSDZ1s6vJE4RB3LirUney0FavdVRwCJ5sDvfvsPgXgtBXWYr2M2tQ==}
    engines: {node: ^20.19.0 || >=22.12.0}
    cpu: [arm64]
    os: [linux]

  '@rolldown/binding-linux-x64-gnu@1.0.0-beta.40':
    resolution: {integrity: sha512-+wi08S7wT5iLPHRZb0USrS6n+T6m+yY++dePYedE5uvKIpWCJJioFTaRtWjpm0V6dVNLcq2OukrvfdlGtH9Wgg==}
    engines: {node: ^20.19.0 || >=22.12.0}
    cpu: [x64]
    os: [linux]

  '@rolldown/binding-linux-x64-musl@1.0.0-beta.40':
    resolution: {integrity: sha512-W5qBGAemUocIBKCcOsDjlV9GUt28qhl/+M6etWBeLS5gQK0J6XDg0YVzfOQdvq57ZGjYNP0NvhYzqhOOnEx+4g==}
    engines: {node: ^20.19.0 || >=22.12.0}
    cpu: [x64]
    os: [linux]

  '@rolldown/binding-openharmony-arm64@1.0.0-beta.40':
    resolution: {integrity: sha512-vJwoDehtt+yqj2zacq1AqNc2uE/oh7mnRGqAUbuldV6pgvU01OSQUJ7Zu+35hTopnjFoDNN6mIezkYlGAv5RFA==}
    engines: {node: ^20.19.0 || >=22.12.0}
    cpu: [arm64]
    os: [openharmony]

  '@rolldown/binding-wasm32-wasi@1.0.0-beta.40':
    resolution: {integrity: sha512-Oj3YyqVUPurr1FlMpEE/bJmMC+VWAWPM/SGUfklO5KUX97bk5Q/733nPg4RykK8q8/TluJoQYvRc05vL/B74dw==}
    engines: {node: '>=14.0.0'}
    cpu: [wasm32]

  '@rolldown/binding-win32-arm64-msvc@1.0.0-beta.40':
    resolution: {integrity: sha512-0ZtO6yN8XjVoFfN4HDWQj4nDu3ndMybr7jIM00DJqOmc+yFhly7rdOy7fNR9Sky3leCpBtsXfepVqRmVpYKPVA==}
    engines: {node: ^20.19.0 || >=22.12.0}
    cpu: [arm64]
    os: [win32]

  '@rolldown/binding-win32-ia32-msvc@1.0.0-beta.40':
    resolution: {integrity: sha512-BPl1inoJXPpIe38Ja46E4y11vXlJyuleo+9Rmu//pYL5fIDYJkXUj/oAXqjSuwLcssrcwnuPgzvzvlz9++cr3w==}
    engines: {node: ^20.19.0 || >=22.12.0}
    cpu: [ia32]
    os: [win32]

  '@rolldown/binding-win32-x64-msvc@1.0.0-beta.40':
    resolution: {integrity: sha512-UguA4ltbAk+nbwHRxqaUP/etpTbR0HjyNlsu4Zjbh/ytNbFsbw8CA4tEBkwDyjgI5NIPea6xY11zpl7R2/ddVA==}
    engines: {node: ^20.19.0 || >=22.12.0}
    cpu: [x64]
    os: [win32]

  '@rolldown/pluginutils@1.0.0-beta.40':
    resolution: {integrity: sha512-s3GeJKSQOwBlzdUrj4ISjJj5SfSh+aqn0wjOar4Bx95iV1ETI7F6S/5hLcfAxZ9kXDcyrAkxPlqmd1ZITttf+w==}

  '@sveltejs/acorn-typescript@1.0.5':
    resolution: {integrity: sha512-IwQk4yfwLdibDlrXVE04jTZYlLnwsTT2PIOQQGNLWfjavGifnk1JD1LcZjZaBTRcxZu2FfPfNLOE04DSu9lqtQ==}
    peerDependencies:
      acorn: ^8.9.0

  '@sveltejs/package@2.5.4':
    resolution: {integrity: sha512-8+1hccAt0M3PPkHVPKH54Wc+cc1PNxRqCrICZiv/hEEto8KwbQVRghxNgTB4htIPyle+4CIB8RayTQH5zRQh9A==}
    engines: {node: ^16.14 || >=18}
    hasBin: true
    peerDependencies:
      svelte: ^3.44.0 || ^4.0.0 || ^5.0.0-next.1

  '@sveltejs/vite-plugin-svelte-inspector@5.0.1':
    resolution: {integrity: sha512-ubWshlMk4bc8mkwWbg6vNvCeT7lGQojE3ijDh3QTR6Zr/R+GXxsGbyH4PExEPpiFmqPhYiVSVmHBjUcVc1JIrA==}
    engines: {node: ^20.19 || ^22.12 || >=24}
    peerDependencies:
      '@sveltejs/vite-plugin-svelte': ^6.0.0-next.0
      svelte: ^5.0.0
      vite: ^6.3.0 || ^7.0.0

  '@sveltejs/vite-plugin-svelte@6.2.1':
    resolution: {integrity: sha512-YZs/OSKOQAQCnJvM/P+F1URotNnYNeU3P2s4oIpzm1uFaqUEqRxUB0g5ejMjEb5Gjb9/PiBI5Ktrq4rUUF8UVQ==}
    engines: {node: ^20.19 || ^22.12 || >=24}
    peerDependencies:
      svelte: ^5.0.0
      vite: ^6.3.0 || ^7.0.0

  '@tsconfig/svelte@5.0.5':
    resolution: {integrity: sha512-48fAnUjKye38FvMiNOj0J9I/4XlQQiZlpe9xaNPfe8vy2Y1hFBt8g1yqf2EGjVvHavo4jf2lC+TQyENCr4BJBQ==}

  '@tybys/wasm-util@0.10.1':
    resolution: {integrity: sha512-9tTaPJLSiejZKx+Bmog4uSubteqTvFrVrURwkmHixBo0G4seD0zUxp98E1DzUBJxLQ3NPwXrGKDiVjwx/DpPsg==}

  '@types/estree@1.0.8':
    resolution: {integrity: sha512-dWHzHa2WqEXI/O1E9OjrocMTKJl2mSrEolh1Iomrv6U+JuNwaHXsXx9bLu5gG7BUWFIN0skIQJQ/L1rIex4X6w==}

  acorn@8.15.0:
    resolution: {integrity: sha512-NZyJarBfL7nWwIq+FDL6Zp/yHEhePMNnnJ0y3qfieCrmNvYct8uvtiV41UvlSe6apAfk0fY1FbWx+NwfmpvtTg==}
    engines: {node: '>=0.4.0'}
    hasBin: true

  ansis@4.1.0:
    resolution: {integrity: sha512-BGcItUBWSMRgOCe+SVZJ+S7yTRG0eGt9cXAHev72yuGcY23hnLA7Bky5L/xLyPINoSN95geovfBkqoTlNZYa7w==}
    engines: {node: '>=14'}

  aria-query@5.3.2:
    resolution: {integrity: sha512-COROpnaoap1E2F000S62r6A60uHZnmlvomhfyT2DlTcrY1OrBKn2UhH7qn5wTC9zMvD0AY7csdPSNwKP+7WiQw==}
    engines: {node: '>= 0.4'}

  axobject-query@4.1.0:
    resolution: {integrity: sha512-qIj0G9wZbMGNLjLmg1PT6v2mE9AH2zlnADJD/2tC6E00hgmhUOfEB6greHPAfLRSufHqROIUTkw6E+M3lH0PTQ==}
    engines: {node: '>= 0.4'}

  chokidar@4.0.3:
    resolution: {integrity: sha512-Qgzu8kfBvo+cA4962jnP1KkS6Dop5NS6g7R5LFYJr4b8Ub94PPQXUksCw9PvXoeXPRRddRNC5C1JQUR2SMGtnA==}
    engines: {node: '>= 14.16.0'}

  clsx@2.1.1:
    resolution: {integrity: sha512-eYm0QWBtUrBWZWG0d386OGAw16Z995PiOVo2B7bjWSbHedGl5e0ZWaq65kOGgUSNesEIDkB9ISbTg/JK9dhCZA==}
    engines: {node: '>=6'}

  debug@4.4.3:
    resolution: {integrity: sha512-RGwwWnwQvkVfavKVt22FGLw+xYSdzARwm0ru6DhTVA3umU5hZc28V3kO4stgYryrTlLpuvgI9GiijltAjNbcqA==}
    engines: {node: '>=6.0'}
    peerDependencies:
      supports-color: '*'
    peerDependenciesMeta:
      supports-color:
        optional: true

  dedent-js@1.0.1:
    resolution: {integrity: sha512-OUepMozQULMLUmhxS95Vudo0jb0UchLimi3+pQ2plj61Fcy8axbP9hbiD4Sz6DPqn6XG3kfmziVfQ1rSys5AJQ==}

  deepmerge@4.3.1:
    resolution: {integrity: sha512-3sUqbMEc77XqpdNO7FRyRog+eW3ph+GYCbj+rK+uYyRMuwsVy0rMiVtPn+QJlKFvWP/1PYpapqYn0Me2knFn+A==}
    engines: {node: '>=0.10.0'}

  detect-libc@2.1.1:
    resolution: {integrity: sha512-ecqj/sy1jcK1uWrwpR67UhYrIFQ+5WlGxth34WquCbamhFA6hkkwiu37o6J5xCHdo1oixJRfVRw+ywV+Hq/0Aw==}
    engines: {node: '>=8'}

  esbuild@0.25.10:
    resolution: {integrity: sha512-9RiGKvCwaqxO2owP61uQ4BgNborAQskMR6QusfWzQqv7AZOg5oGehdY2pRJMTKuwxd1IDBP4rSbI5lHzU7SMsQ==}
    engines: {node: '>=18'}
    hasBin: true

  esm-env@1.2.2:
    resolution: {integrity: sha512-Epxrv+Nr/CaL4ZcFGPJIYLWFom+YeV1DqMLHJoEd9SYRxNbaFruBwfEX/kkHUJf55j2+TUbmDcmuilbP1TmXHA==}

  esrap@2.1.0:
    resolution: {integrity: sha512-yzmPNpl7TBbMRC5Lj2JlJZNPml0tzqoqP5B1JXycNUwtqma9AKCO0M2wHrdgsHcy1WRW7S9rJknAMtByg3usgA==}

  fdir@6.5.0:
    resolution: {integrity: sha512-tIbYtZbucOs0BRGqPJkshJUYdL+SDH7dVM8gjy+ERp3WAUjLEFJE+02kanyHtwjWOnwrKYBiwAmM0p4kLJAnXg==}
    engines: {node: '>=12.0.0'}
    peerDependencies:
      picomatch: ^3 || ^4
    peerDependenciesMeta:
      picomatch:
        optional: true

  fsevents@2.3.3:
    resolution: {integrity: sha512-5xoDfX+fL7faATnagmWPpbFtwh/R77WmMMqqHGS65C3vvB0YHrgF+B1YmZ3441tMj5n63k0212XNoJwzlhffQw==}
    engines: {node: ^8.16.0 || ^10.6.0 || >=11.0.0}
    os: [darwin]

  is-reference@3.0.3:
    resolution: {integrity: sha512-ixkJoqQvAP88E6wLydLGGqCJsrFUnqoH6HnaczB8XmDH1oaWU+xxdptvikTgaEhtZ53Ky6YXiBuUI2WXLMCwjw==}

  kleur@4.1.5:
    resolution: {integrity: sha512-o+NO+8WrRiQEE4/7nwRJhN1HWpVmJm511pBHUxPLtp0BUISzlBplORYSmTclCnJvQq2tKu/sgl3xVpkc7ZWuQQ==}
    engines: {node: '>=6'}

  lightningcss-darwin-arm64@1.30.1:
    resolution: {integrity: sha512-c8JK7hyE65X1MHMN+Viq9n11RRC7hgin3HhYKhrMyaXflk5GVplZ60IxyoVtzILeKr+xAJwg6zK6sjTBJ0FKYQ==}
    engines: {node: '>= 12.0.0'}
    cpu: [arm64]
    os: [darwin]

  lightningcss-darwin-x64@1.30.1:
    resolution: {integrity: sha512-k1EvjakfumAQoTfcXUcHQZhSpLlkAuEkdMBsI/ivWw9hL+7FtilQc0Cy3hrx0AAQrVtQAbMI7YjCgYgvn37PzA==}
    engines: {node: '>= 12.0.0'}
    cpu: [x64]
    os: [darwin]

  lightningcss-freebsd-x64@1.30.1:
    resolution: {integrity: sha512-kmW6UGCGg2PcyUE59K5r0kWfKPAVy4SltVeut+umLCFoJ53RdCUWxcRDzO1eTaxf/7Q2H7LTquFHPL5R+Gjyig==}
    engines: {node: '>= 12.0.0'}
    cpu: [x64]
    os: [freebsd]

  lightningcss-linux-arm-gnueabihf@1.30.1:
    resolution: {integrity: sha512-MjxUShl1v8pit+6D/zSPq9S9dQ2NPFSQwGvxBCYaBYLPlCWuPh9/t1MRS8iUaR8i+a6w7aps+B4N0S1TYP/R+Q==}
    engines: {node: '>= 12.0.0'}
    cpu: [arm]
    os: [linux]

  lightningcss-linux-arm64-gnu@1.30.1:
    resolution: {integrity: sha512-gB72maP8rmrKsnKYy8XUuXi/4OctJiuQjcuqWNlJQ6jZiWqtPvqFziskH3hnajfvKB27ynbVCucKSm2rkQp4Bw==}
    engines: {node: '>= 12.0.0'}
    cpu: [arm64]
    os: [linux]

  lightningcss-linux-arm64-musl@1.30.1:
    resolution: {integrity: sha512-jmUQVx4331m6LIX+0wUhBbmMX7TCfjF5FoOH6SD1CttzuYlGNVpA7QnrmLxrsub43ClTINfGSYyHe2HWeLl5CQ==}
    engines: {node: '>= 12.0.0'}
    cpu: [arm64]
    os: [linux]

  lightningcss-linux-x64-gnu@1.30.1:
    resolution: {integrity: sha512-piWx3z4wN8J8z3+O5kO74+yr6ze/dKmPnI7vLqfSqI8bccaTGY5xiSGVIJBDd5K5BHlvVLpUB3S2YCfelyJ1bw==}
    engines: {node: '>= 12.0.0'}
    cpu: [x64]
    os: [linux]

  lightningcss-linux-x64-musl@1.30.1:
    resolution: {integrity: sha512-rRomAK7eIkL+tHY0YPxbc5Dra2gXlI63HL+v1Pdi1a3sC+tJTcFrHX+E86sulgAXeI7rSzDYhPSeHHjqFhqfeQ==}
    engines: {node: '>= 12.0.0'}
    cpu: [x64]
    os: [linux]

  lightningcss-win32-arm64-msvc@1.30.1:
    resolution: {integrity: sha512-mSL4rqPi4iXq5YVqzSsJgMVFENoa4nGTT/GjO2c0Yl9OuQfPsIfncvLrEW6RbbB24WtZ3xP/2CCmI3tNkNV4oA==}
    engines: {node: '>= 12.0.0'}
    cpu: [arm64]
    os: [win32]

  lightningcss-win32-x64-msvc@1.30.1:
    resolution: {integrity: sha512-PVqXh48wh4T53F/1CCu8PIPCxLzWyCnn/9T5W1Jpmdy5h9Cwd+0YQS6/LwhHXSafuc61/xg9Lv5OrCby6a++jg==}
    engines: {node: '>= 12.0.0'}
    cpu: [x64]
    os: [win32]

  lightningcss@1.30.1:
    resolution: {integrity: sha512-xi6IyHML+c9+Q3W0S4fCQJOym42pyurFiJUHEcEyHS0CeKzia4yZDEsLlqOFykxOdHpNy0NmvVO31vcSqAxJCg==}
    engines: {node: '>= 12.0.0'}

  locate-character@3.0.0:
    resolution: {integrity: sha512-SW13ws7BjaeJ6p7Q6CO2nchbYEc3X3J6WrmTTDto7yMPqVSZTUyY5Tjbid+Ab8gLnATtygYtiDIJGQRRn2ZOiA==}

  magic-string@0.30.19:
    resolution: {integrity: sha512-2N21sPY9Ws53PZvsEpVtNuSW+ScYbQdp4b9qUaL+9QkHUrGFKo56Lg9Emg5s9V/qrtNBmiR01sYhUOwu3H+VOw==}

  mri@1.2.0:
    resolution: {integrity: sha512-tzzskb3bG8LvYGFF/mDTpq3jpI6Q9wc3LEmBaghu+DdCssd1FakN7Bc0hVNmEyGq1bq3RgfkCb3cmQLpNPOroA==}
    engines: {node: '>=4'}

  ms@2.1.3:
    resolution: {integrity: sha512-6FlzubTLZG3J2a/NVCAleEhjzq5oxgHyaCU9yYXvcLsvoVaHJq/s5xXI6/XXP6tz7R9xAOtHnSO/tXtF3WRTlA==}

  nanoid@3.3.11:
    resolution: {integrity: sha512-N8SpfPUnUp1bK+PMYW8qSWdl9U+wwNWI4QKxOYDy9JAro3WMX7p2OeVRF9v+347pnakNevPmiHhNmZ2HbFA76w==}
    engines: {node: ^10 || ^12 || ^13.7 || ^14 || >=15.0.1}
    hasBin: true

  picocolors@1.1.1:
    resolution: {integrity: sha512-xceH2snhtb5M9liqDsmEw56le376mTZkEX/jEb/RxNFyegNul7eNslCXP9FDj/Lcu0X8KEyMceP2ntpaHrDEVA==}

  picomatch@4.0.3:
    resolution: {integrity: sha512-5gTmgEY/sqK6gFXLIsQNH19lWb4ebPDLA4SdLP7dsWkIXHWlG66oPuVvXSGFPppYZz8ZDZq0dYYrbHfBCVUb1Q==}
    engines: {node: '>=12'}

  postcss@8.5.6:
    resolution: {integrity: sha512-3Ybi1tAuwAP9s0r1UQ2J4n5Y0G05bJkpUIO0/bI9MhwmD70S5aTWbXGBwxHrelT+XM1k6dM0pk+SwNkpTRN7Pg==}
    engines: {node: ^10 || ^12 || >=14}

  readdirp@4.1.2:
    resolution: {integrity: sha512-GDhwkLfywWL2s6vEjyhri+eXmfH6j1L7JE27WhqLeYzoh/A3DBaYGEj2H/HFZCn/kMfim73FXxEJTw06WtxQwg==}
    engines: {node: '>= 14.18.0'}

  rolldown-vite@7.1.13:
    resolution: {integrity: sha512-wYRnqlO+nKcvZitHjwXCnGy+xaFW8mBWL6zScZWJK/ZtEs9Be4ngabaDN05l7t+xFgSzZbPYbWdORBVTfWm7uA==}
    engines: {node: ^20.19.0 || >=22.12.0}
    hasBin: true
    peerDependencies:
      '@types/node': ^20.19.0 || >=22.12.0
      esbuild: ^0.25.0
      jiti: '>=1.21.0'
      less: ^4.0.0
      sass: ^1.70.0
      sass-embedded: ^1.70.0
      stylus: '>=0.54.8'
      sugarss: ^5.0.0
      terser: ^5.16.0
      tsx: ^4.8.1
      yaml: ^2.4.2
    peerDependenciesMeta:
      '@types/node':
        optional: true
      esbuild:
        optional: true
      jiti:
        optional: true
      less:
        optional: true
      sass:
        optional: true
      sass-embedded:
        optional: true
      stylus:
        optional: true
      sugarss:
        optional: true
      terser:
        optional: true
      tsx:
        optional: true
      yaml:
        optional: true

  rolldown@1.0.0-beta.40:
    resolution: {integrity: sha512-VqEHbKpOgTPmQrZ4fVn4eshDQS/6g/fRpNE7cFSJY+eQLDZn4B9X61J6L+hnlt1u2uRI+pF7r1USs6S5fuWCvw==}
    engines: {node: ^20.19.0 || >=22.12.0}
    hasBin: true

  sade@1.8.1:
    resolution: {integrity: sha512-xal3CZX1Xlo/k4ApwCFrHVACi9fBqJ7V+mwhBsuf/1IOKbBy098Fex+Wa/5QMubw09pSZ/u8EY8PWgevJsXp1A==}
    engines: {node: '>=6'}

  scule@1.3.0:
    resolution: {integrity: sha512-6FtHJEvt+pVMIB9IBY+IcCJ6Z5f1iQnytgyfKMhDKgmzYG+TeH/wx1y3l27rshSbLiSanrR9ffZDrEsmjlQF2g==}

  semver@7.7.2:
    resolution: {integrity: sha512-RF0Fw+rO5AMf9MAyaRXI4AV0Ulj5lMHqVxxdSgiVbixSCXoEmmX/jk0CuJw4+3SqroYO9VoUh+HcuJivvtJemA==}
    engines: {node: '>=10'}
    hasBin: true

  source-map-js@1.2.1:
    resolution: {integrity: sha512-UXWMKhLOwVKb728IUtQPXxfYU+usdybtUrK/8uGE8CQMvrhOpwvzDBwj0QhSL7MQc7vIsISBG8VQ8+IDQxpfQA==}
    engines: {node: '>=0.10.0'}

  svelte2tsx@0.7.44:
    resolution: {integrity: sha512-opuH+bCboss0/ncxnfAO+qt0IAprxc8OqwuC7otafWeO5CHjJ6UAAwvQmu/+xjpCSarX8pQKydXQuoJmbCDcTg==}
    peerDependencies:
      svelte: ^3.55 || ^4.0.0-next.0 || ^4.0 || ^5.0.0-next.0
      typescript: ^4.9.4 || ^5.0.0

  svelte@5.39.6:
    resolution: {integrity: sha512-bOJXmuwLNaoqPCTWO8mPu/fwxI5peGE5Efe7oo6Cakpz/G60vsnVF6mxbGODaxMUFUKEnjm6XOwHEqOht6cbvw==}
    engines: {node: '>=18'}

  tinyglobby@0.2.15:
    resolution: {integrity: sha512-j2Zq4NyQYG5XMST4cbs02Ak8iJUdxRM0XI5QyxXuZOzKOINmWurp3smXu3y5wDcJrptwpSjgXHzIQxR0omXljQ==}
    engines: {node: '>=12.0.0'}

  tslib@2.8.1:
    resolution: {integrity: sha512-oJFu94HQb+KVduSUQL7wnpmqnfmLsOA/nAh6b6EH0wCEoK0/mPeXU6c3wKDV83MkOuHPRHtSXKKU99IBazS/2w==}

  typescript@5.9.2:
    resolution: {integrity: sha512-CWBzXQrc/qOkhidw1OzBTQuYRbfyxDXJMVJ1XNwUHGROVmuaeiEm3OslpZ1RV96d7SKKjZKrSJu3+t/xlw3R9A==}
    engines: {node: '>=14.17'}
    hasBin: true

  vitefu@1.1.1:
    resolution: {integrity: sha512-B/Fegf3i8zh0yFbpzZ21amWzHmuNlLlmJT6n7bu5e+pCHUKQIfXSYokrqOBGEMMe9UG2sostKQF9mml/vYaWJQ==}
    peerDependencies:
      vite: ^3.0.0 || ^4.0.0 || ^5.0.0 || ^6.0.0 || ^7.0.0-beta.0
    peerDependenciesMeta:
      vite:
        optional: true

  zimmerframe@1.1.4:
    resolution: {integrity: sha512-B58NGBEoc8Y9MWWCQGl/gq9xBCe4IiKM0a2x7GZdQKOW5Exr8S1W24J6OgM1njK8xCRGvAJIL/MxXHf6SkmQKQ==}

snapshots:

  '@emnapi/core@1.5.0':
    dependencies:
      '@emnapi/wasi-threads': 1.1.0
      tslib: 2.8.1
    optional: true

  '@emnapi/runtime@1.5.0':
    dependencies:
      tslib: 2.8.1
    optional: true

  '@emnapi/wasi-threads@1.1.0':
    dependencies:
      tslib: 2.8.1
    optional: true

  '@esbuild/aix-ppc64@0.25.10':
    optional: true

  '@esbuild/android-arm64@0.25.10':
    optional: true

  '@esbuild/android-arm@0.25.10':
    optional: true

  '@esbuild/android-x64@0.25.10':
    optional: true

  '@esbuild/darwin-arm64@0.25.10':
    optional: true

  '@esbuild/darwin-x64@0.25.10':
    optional: true

  '@esbuild/freebsd-arm64@0.25.10':
    optional: true

  '@esbuild/freebsd-x64@0.25.10':
    optional: true

  '@esbuild/linux-arm64@0.25.10':
    optional: true

  '@esbuild/linux-arm@0.25.10':
    optional: true

  '@esbuild/linux-ia32@0.25.10':
    optional: true

  '@esbuild/linux-loong64@0.25.10':
    optional: true

  '@esbuild/linux-mips64el@0.25.10':
    optional: true

  '@esbuild/linux-ppc64@0.25.10':
    optional: true

  '@esbuild/linux-riscv64@0.25.10':
    optional: true

  '@esbuild/linux-s390x@0.25.10':
    optional: true

  '@esbuild/linux-x64@0.25.10':
    optional: true

  '@esbuild/netbsd-arm64@0.25.10':
    optional: true

  '@esbuild/netbsd-x64@0.25.10':
    optional: true

  '@esbuild/openbsd-arm64@0.25.10':
    optional: true

  '@esbuild/openbsd-x64@0.25.10':
    optional: true

  '@esbuild/openharmony-arm64@0.25.10':
    optional: true

  '@esbuild/sunos-x64@0.25.10':
    optional: true

  '@esbuild/win32-arm64@0.25.10':
    optional: true

  '@esbuild/win32-ia32@0.25.10':
    optional: true

  '@esbuild/win32-x64@0.25.10':
    optional: true

  '@jridgewell/gen-mapping@0.3.13':
    dependencies:
      '@jridgewell/sourcemap-codec': 1.5.5
      '@jridgewell/trace-mapping': 0.3.31

  '@jridgewell/remapping@2.3.5':
    dependencies:
      '@jridgewell/gen-mapping': 0.3.13
      '@jridgewell/trace-mapping': 0.3.31

  '@jridgewell/resolve-uri@3.1.2': {}

  '@jridgewell/sourcemap-codec@1.5.5': {}

  '@jridgewell/trace-mapping@0.3.31':
    dependencies:
      '@jridgewell/resolve-uri': 3.1.2
      '@jridgewell/sourcemap-codec': 1.5.5

  '@napi-rs/wasm-runtime@1.0.5':
    dependencies:
      '@emnapi/core': 1.5.0
      '@emnapi/runtime': 1.5.0
      '@tybys/wasm-util': 0.10.1
    optional: true

  '@oxc-project/runtime@0.92.0': {}

  '@oxc-project/types@0.92.0': {}

  '@rolldown/binding-android-arm64@1.0.0-beta.40':
    optional: true

  '@rolldown/binding-darwin-arm64@1.0.0-beta.40':
    optional: true

  '@rolldown/binding-darwin-x64@1.0.0-beta.40':
    optional: true

  '@rolldown/binding-freebsd-x64@1.0.0-beta.40':
    optional: true

  '@rolldown/binding-linux-arm-gnueabihf@1.0.0-beta.40':
    optional: true

  '@rolldown/binding-linux-arm64-gnu@1.0.0-beta.40':
    optional: true

  '@rolldown/binding-linux-arm64-musl@1.0.0-beta.40':
    optional: true

  '@rolldown/binding-linux-x64-gnu@1.0.0-beta.40':
    optional: true

  '@rolldown/binding-linux-x64-musl@1.0.0-beta.40':
    optional: true

  '@rolldown/binding-openharmony-arm64@1.0.0-beta.40':
    optional: true

  '@rolldown/binding-wasm32-wasi@1.0.0-beta.40':
    dependencies:
      '@napi-rs/wasm-runtime': 1.0.5
    optional: true

  '@rolldown/binding-win32-arm64-msvc@1.0.0-beta.40':
    optional: true

  '@rolldown/binding-win32-ia32-msvc@1.0.0-beta.40':
    optional: true

  '@rolldown/binding-win32-x64-msvc@1.0.0-beta.40':
    optional: true

  '@rolldown/pluginutils@1.0.0-beta.40': {}

  '@sveltejs/acorn-typescript@1.0.5(acorn@8.15.0)':
    dependencies:
      acorn: 8.15.0

  '@sveltejs/package@2.5.4(svelte@5.39.6)(typescript@5.9.2)':
    dependencies:
      chokidar: 4.0.3
      kleur: 4.1.5
      sade: 1.8.1
      semver: 7.7.2
      svelte: 5.39.6
      svelte2tsx: 0.7.44(svelte@5.39.6)(typescript@5.9.2)
    transitivePeerDependencies:
      - typescript

  '@sveltejs/vite-plugin-svelte-inspector@5.0.1(@sveltejs/vite-plugin-svelte@6.2.1(rolldown-vite@7.1.13(esbuild@0.25.10))(svelte@5.39.6))(rolldown-vite@7.1.13(esbuild@0.25.10))(svelte@5.39.6)':
    dependencies:
      '@sveltejs/vite-plugin-svelte': 6.2.1(rolldown-vite@7.1.13(esbuild@0.25.10))(svelte@5.39.6)
      debug: 4.4.3
      svelte: 5.39.6
      vite: rolldown-vite@7.1.13(esbuild@0.25.10)
    transitivePeerDependencies:
      - supports-color

  '@sveltejs/vite-plugin-svelte@6.2.1(rolldown-vite@7.1.13(esbuild@0.25.10))(svelte@5.39.6)':
    dependencies:
      '@sveltejs/vite-plugin-svelte-inspector': 5.0.1(@sveltejs/vite-plugin-svelte@6.2.1(rolldown-vite@7.1.13(esbuild@0.25.10))(svelte@5.39.6))(rolldown-vite@7.1.13(esbuild@0.25.10))(svelte@5.39.6)
      debug: 4.4.3
      deepmerge: 4.3.1
      magic-string: 0.30.19
      svelte: 5.39.6
      vite: rolldown-vite@7.1.13(esbuild@0.25.10)
      vitefu: 1.1.1(rolldown-vite@7.1.13(esbuild@0.25.10))
    transitivePeerDependencies:
      - supports-color

  '@tsconfig/svelte@5.0.5': {}

  '@tybys/wasm-util@0.10.1':
    dependencies:
      tslib: 2.8.1
    optional: true

  '@types/estree@1.0.8': {}

  acorn@8.15.0: {}

  ansis@4.1.0: {}

  aria-query@5.3.2: {}

  axobject-query@4.1.0: {}

  chokidar@4.0.3:
    dependencies:
      readdirp: 4.1.2

  clsx@2.1.1: {}

  debug@4.4.3:
    dependencies:
      ms: 2.1.3

  dedent-js@1.0.1: {}

  deepmerge@4.3.1: {}

  detect-libc@2.1.1: {}

  esbuild@0.25.10:
    optionalDependencies:
      '@esbuild/aix-ppc64': 0.25.10
      '@esbuild/android-arm': 0.25.10
      '@esbuild/android-arm64': 0.25.10
      '@esbuild/android-x64': 0.25.10
      '@esbuild/darwin-arm64': 0.25.10
      '@esbuild/darwin-x64': 0.25.10
      '@esbuild/freebsd-arm64': 0.25.10
      '@esbuild/freebsd-x64': 0.25.10
      '@esbuild/linux-arm': 0.25.10
      '@esbuild/linux-arm64': 0.25.10
      '@esbuild/linux-ia32': 0.25.10
      '@esbuild/linux-loong64': 0.25.10
      '@esbuild/linux-mips64el': 0.25.10
      '@esbuild/linux-ppc64': 0.25.10
      '@esbuild/linux-riscv64': 0.25.10
      '@esbuild/linux-s390x': 0.25.10
      '@esbuild/linux-x64': 0.25.10
      '@esbuild/netbsd-arm64': 0.25.10
      '@esbuild/netbsd-x64': 0.25.10
      '@esbuild/openbsd-arm64': 0.25.10
      '@esbuild/openbsd-x64': 0.25.10
      '@esbuild/openharmony-arm64': 0.25.10
      '@esbuild/sunos-x64': 0.25.10
      '@esbuild/win32-arm64': 0.25.10
      '@esbuild/win32-ia32': 0.25.10
      '@esbuild/win32-x64': 0.25.10

  esm-env@1.2.2: {}

  esrap@2.1.0:
    dependencies:
      '@jridgewell/sourcemap-codec': 1.5.5

  fdir@6.5.0(picomatch@4.0.3):
    optionalDependencies:
      picomatch: 4.0.3

  fsevents@2.3.3:
    optional: true

  is-reference@3.0.3:
    dependencies:
      '@types/estree': 1.0.8

  kleur@4.1.5: {}

  lightningcss-darwin-arm64@1.30.1:
    optional: true

  lightningcss-darwin-x64@1.30.1:
    optional: true

  lightningcss-freebsd-x64@1.30.1:
    optional: true

  lightningcss-linux-arm-gnueabihf@1.30.1:
    optional: true

  lightningcss-linux-arm64-gnu@1.30.1:
    optional: true

  lightningcss-linux-arm64-musl@1.30.1:
    optional: true

  lightningcss-linux-x64-gnu@1.30.1:
    optional: true

  lightningcss-linux-x64-musl@1.30.1:
    optional: true

  lightningcss-win32-arm64-msvc@1.30.1:
    optional: true

  lightningcss-win32-x64-msvc@1.30.1:
    optional: true

  lightningcss@1.30.1:
    dependencies:
      detect-libc: 2.1.1
    optionalDependencies:
      lightningcss-darwin-arm64: 1.30.1
      lightningcss-darwin-x64: 1.30.1
      lightningcss-freebsd-x64: 1.30.1
      lightningcss-linux-arm-gnueabihf: 1.30.1
      lightningcss-linux-arm64-gnu: 1.30.1
      lightningcss-linux-arm64-musl: 1.30.1
      lightningcss-linux-x64-gnu: 1.30.1
      lightningcss-linux-x64-musl: 1.30.1
      lightningcss-win32-arm64-msvc: 1.30.1
      lightningcss-win32-x64-msvc: 1.30.1

  locate-character@3.0.0: {}

  magic-string@0.30.19:
    dependencies:
      '@jridgewell/sourcemap-codec': 1.5.5

  mri@1.2.0: {}

  ms@2.1.3: {}

  nanoid@3.3.11: {}

  picocolors@1.1.1: {}

  picomatch@4.0.3: {}

  postcss@8.5.6:
    dependencies:
      nanoid: 3.3.11
      picocolors: 1.1.1
      source-map-js: 1.2.1

  readdirp@4.1.2: {}

  rolldown-vite@7.1.13(esbuild@0.25.10):
    dependencies:
      '@oxc-project/runtime': 0.92.0
      fdir: 6.5.0(picomatch@4.0.3)
      lightningcss: 1.30.1
      picomatch: 4.0.3
      postcss: 8.5.6
      rolldown: 1.0.0-beta.40
      tinyglobby: 0.2.15
    optionalDependencies:
      esbuild: 0.25.10
      fsevents: 2.3.3

  rolldown@1.0.0-beta.40:
    dependencies:
      '@oxc-project/types': 0.92.0
      '@rolldown/pluginutils': 1.0.0-beta.40
      ansis: 4.1.0
    optionalDependencies:
      '@rolldown/binding-android-arm64': 1.0.0-beta.40
      '@rolldown/binding-darwin-arm64': 1.0.0-beta.40
      '@rolldown/binding-darwin-x64': 1.0.0-beta.40
      '@rolldown/binding-freebsd-x64': 1.0.0-beta.40
      '@rolldown/binding-linux-arm-gnueabihf': 1.0.0-beta.40
      '@rolldown/binding-linux-arm64-gnu': 1.0.0-beta.40
      '@rolldown/binding-linux-arm64-musl': 1.0.0-beta.40
      '@rolldown/binding-linux-x64-gnu': 1.0.0-beta.40
      '@rolldown/binding-linux-x64-musl': 1.0.0-beta.40
      '@rolldown/binding-openharmony-arm64': 1.0.0-beta.40
      '@rolldown/binding-wasm32-wasi': 1.0.0-beta.40
      '@rolldown/binding-win32-arm64-msvc': 1.0.0-beta.40
      '@rolldown/binding-win32-ia32-msvc': 1.0.0-beta.40
      '@rolldown/binding-win32-x64-msvc': 1.0.0-beta.40

  sade@1.8.1:
    dependencies:
      mri: 1.2.0

  scule@1.3.0: {}

  semver@7.7.2: {}

  source-map-js@1.2.1: {}

  svelte2tsx@0.7.44(svelte@5.39.6)(typescript@5.9.2):
    dependencies:
      dedent-js: 1.0.1
      scule: 1.3.0
      svelte: 5.39.6
      typescript: 5.9.2

  svelte@5.39.6:
    dependencies:
      '@jridgewell/remapping': 2.3.5
      '@jridgewell/sourcemap-codec': 1.5.5
      '@sveltejs/acorn-typescript': 1.0.5(acorn@8.15.0)
      '@types/estree': 1.0.8
      acorn: 8.15.0
      aria-query: 5.3.2
      axobject-query: 4.1.0
      clsx: 2.1.1
      esm-env: 1.2.2
      esrap: 2.1.0
      is-reference: 3.0.3
      locate-character: 3.0.0
      magic-string: 0.30.19
      zimmerframe: 1.1.4

  tinyglobby@0.2.15:
    dependencies:
      fdir: 6.5.0(picomatch@4.0.3)
      picomatch: 4.0.3

  tslib@2.8.1: {}

  typescript@5.9.2: {}

  vitefu@1.1.1(rolldown-vite@7.1.13(esbuild@0.25.10)):
    optionalDependencies:
      vite: rolldown-vite@7.1.13(esbuild@0.25.10)

  zimmerframe@1.1.4: {}
