lockfileVersion: '9.0'

settings:
  autoInstallPeers: true
  excludeLinksFromLockfile: false

importers:

  .:
    devDependencies:
      '@figma/plugin-typings':
        specifier: ^1.106.0
        version: 1.106.0
      typescript:
        specifier: ^5.7.3
        version: 5.7.3

packages:

  '@figma/plugin-typings@1.106.0':
    resolution: {integrity: sha512-fUWranOKUEDJe80GUAgs7gLyMdkiBdwi72QPx1XctB62ecmedpTO/qKx/C7GcoxeRVQ90n+NWS7zpSInWMTJkA==}

  typescript@5.7.3:
    resolution: {integrity: sha512-84MVSjMEHP+FQRPy3pX9sTVV/INIex71s9TL2Gm5FG/WG1SqXeKyZ0k7/blY/4FdOzI12CBy1vGc4og/eus0fw==}
    engines: {node: '>=14.17'}
    hasBin: true

snapshots:

  '@figma/plugin-typings@1.106.0': {}

  typescript@5.7.3: {}
