lockfileVersion: '9.0'

settings:
  autoInstallPeers: true
  excludeLinksFromLockfile: false

importers:

  .:
    devDependencies:
      '@figma/plugin-typings':
        specifier: ^1.106.0
        version: 1.106.0
      typescript:
        specifier: ^5.7.2
        version: 5.7.2

packages:

  '@figma/plugin-typings@1.106.0':
    resolution: {integrity: sha512-fUWranOKUEDJe80GUAgs7gLyMdkiBdwi72QPx1XctB62ecmedpTO/qKx/C7GcoxeRVQ90n+NWS7zpSInWMTJkA==}

  typescript@5.7.2:
    resolution: {integrity: sha512-i5t66RHxDvVN40HfDd1PsEThGNnlMCMT3jMUuoh9/0TaqWevNontacunWyN02LA9/fIbEWlcHZcgTKb9QoaLfg==}
    engines: {node: '>=14.17'}
    hasBin: true

snapshots:

  '@figma/plugin-typings@1.106.0': {}

  typescript@5.7.2: {}
